
Microsoft Visual Studio Solution File, Format Version 12.00
# Visual Studio 15
VisualStudioVersion = 15.0.26730.15
MinimumVisualStudioVersion = 10.0.40219.1
Project("{FAE04EC0-301F-11D3-BF4B-00C04F79EFBC}") = "MyPhotos", "MyPhotos\MyPhotos.csproj", "{56FCF155-49FB-4DA3-89C3-5D93DD2063CB}"
EndProject
Project("{FAE04EC0-301F-11D3-BF4B-00C04F79EFBC}") = "MyphotoAlbum", "myphoto album\MyphotoAlbum.csproj", "{BE1BDA7B-CABE-472B-BED5-EF3420FA078D}"
EndProject
Global
	GlobalSection(SolutionConfigurationPlatforms) = preSolution
		Debug|Any CPU = Debug|Any CPU
		Release|Any CPU = Release|Any CPU
	EndGlobalSection
	GlobalSection(ProjectConfigurationPlatforms) = postSolution
		{56FCF155-49FB-4DA3-89C3-5D93DD2063CB}.Debug|Any CPU.ActiveCfg = Debug|Any CPU
		{56FCF155-49FB-4DA3-89C3-5D93DD2063CB}.Debug|Any CPU.Build.0 = Debug|Any CPU
		{56FCF155-49FB-4DA3-89C3-5D93DD2063CB}.Release|Any CPU.ActiveCfg = Release|Any CPU
		{56FCF155-49FB-4DA3-89C3-5D93DD2063CB}.Release|Any CPU.Build.0 = Release|Any CPU
		{BE1BDA7B-CABE-472B-BED5-EF3420FA078D}.Debug|Any CPU.ActiveCfg = Debug|Any CPU
		{BE1BDA7B-CABE-472B-BED5-EF3420FA078D}.Debug|Any CPU.Build.0 = Debug|Any CPU
		{BE1BDA7B-CABE-472B-BED5-EF3420FA078D}.Release|Any CPU.ActiveCfg = Release|Any CPU
		{BE1BDA7B-CABE-472B-BED5-EF3420FA078D}.Release|Any CPU.Build.0 = Release|Any CPU
	EndGlobalSection
	GlobalSection(SolutionProperties) = preSolution
		HideSolutionNode = FALSE
	EndGlobalSection
	GlobalSection(ExtensibilityGlobals) = postSolution
		SolutionGuid = {F0D2E16F-06F0-4C38-8576-D358F44A17FC}
	EndGlobalSection
EndGlobal
